
Microsoft Visual Studio Solution File, Format Version 12.00
# Visual Studio 14
VisualStudioVersion = 14.0.25420.1
MinimumVisualStudioVersion = 10.0.40219.1
Project("{FAE04EC0-301F-11D3-BF4B-00C04F79EFBC}") = "VetPet", "VetPet\VetPet.csproj", "{079A1155-942D-4DE1-874C-9E24535B6A56}"
EndProject
Project("{2150E333-8FDC-42A3-9474-1A3956D46DE8}") = "1. Presentation", "1. Presentation", "{7D52055E-8F43-4AB4-89A5-BE14808F8630}"
EndProject
Project("{2150E333-8FDC-42A3-9474-1A3956D46DE8}") = "3. Application", "3. Application", "{AEEBF5B2-DEBC-496A-A0FF-378DB669EAF1}"
EndProject
Project("{2150E333-8FDC-42A3-9474-1A3956D46DE8}") = "4. Domain", "4. Domain", "{1FB8DE14-65B0-4FB3-93D3-644215EEF884}"
EndProject
Project("{2150E333-8FDC-42A3-9474-1A3956D46DE8}") = "5. Infrastructure", "5. Infrastructure", "{E1DC4110-9B37-489B-BD5B-211C3FEDDE4E}"
EndProject
Project("{2150E333-8FDC-42A3-9474-1A3956D46DE8}") = "2.Distributed Services", "2.Distributed Services", "{19E2B97F-8635-4BFE-866C-0BC40EBF1612}"
EndProject
Project("{2150E333-8FDC-42A3-9474-1A3956D46DE8}") = "Data", "Data", "{70D01140-3183-47C2-BE51-939CD43606F7}"
EndProject
Project("{2150E333-8FDC-42A3-9474-1A3956D46DE8}") = "Crosscutting", "Crosscutting", "{4895EE7C-3BD5-4886-AC78-E0E5A461A3B2}"
EndProject
Project("{FAE04EC0-301F-11D3-BF4B-00C04F79EFBC}") = "VetPet.Domain.Seedwork", "VetPet.Domain.Seedwork\VetPet.Domain.Seedwork.csproj", "{596321EF-A76C-4432-A9CE-D10A107893C4}"
EndProject
Project("{FAE04EC0-301F-11D3-BF4B-00C04F79EFBC}") = "VetPet.Domain", "VetPet.Domain\VetPet.Domain.csproj", "{9530E031-2322-4FCB-BF72-775F03D31301}"
EndProject
Project("{FAE04EC0-301F-11D3-BF4B-00C04F79EFBC}") = "VetPet.Infrastructure.Data", "VetPet.Infrastructure.Data\VetPet.Infrastructure.Data.csproj", "{585FD279-04D3-4B88-9077-A8B6FDD565E1}"
EndProject
Project("{FAE04EC0-301F-11D3-BF4B-00C04F79EFBC}") = "VetPet.Infrastructure.Data.Seedwork", "VetPet.Infrastructure.Data.Seedwork\VetPet.Infrastructure.Data.Seedwork.csproj", "{219D16F9-60FE-4514-A0F5-16526E4D3F11}"
EndProject
Project("{FAE04EC0-301F-11D3-BF4B-00C04F79EFBC}") = "VetPet.Application", "VetPet.Application\VetPet.Application.csproj", "{933F8179-DC26-4C8B-ADCA-7DFC7E672E6D}"
EndProject
Global
	GlobalSection(SolutionConfigurationPlatforms) = preSolution
		Debug|Any CPU = Debug|Any CPU
		Release|Any CPU = Release|Any CPU
	EndGlobalSection
	GlobalSection(ProjectConfigurationPlatforms) = postSolution
		{079A1155-942D-4DE1-874C-9E24535B6A56}.Debug|Any CPU.ActiveCfg = Debug|Any CPU
		{079A1155-942D-4DE1-874C-9E24535B6A56}.Debug|Any CPU.Build.0 = Debug|Any CPU
		{079A1155-942D-4DE1-874C-9E24535B6A56}.Release|Any CPU.ActiveCfg = Release|Any CPU
		{079A1155-942D-4DE1-874C-9E24535B6A56}.Release|Any CPU.Build.0 = Release|Any CPU
		{596321EF-A76C-4432-A9CE-D10A107893C4}.Debug|Any CPU.ActiveCfg = Debug|Any CPU
		{596321EF-A76C-4432-A9CE-D10A107893C4}.Debug|Any CPU.Build.0 = Debug|Any CPU
		{596321EF-A76C-4432-A9CE-D10A107893C4}.Release|Any CPU.ActiveCfg = Release|Any CPU
		{596321EF-A76C-4432-A9CE-D10A107893C4}.Release|Any CPU.Build.0 = Release|Any CPU
		{9530E031-2322-4FCB-BF72-775F03D31301}.Debug|Any CPU.ActiveCfg = Debug|Any CPU
		{9530E031-2322-4FCB-BF72-775F03D31301}.Debug|Any CPU.Build.0 = Debug|Any CPU
		{9530E031-2322-4FCB-BF72-775F03D31301}.Release|Any CPU.ActiveCfg = Release|Any CPU
		{9530E031-2322-4FCB-BF72-775F03D31301}.Release|Any CPU.Build.0 = Release|Any CPU
		{585FD279-04D3-4B88-9077-A8B6FDD565E1}.Debug|Any CPU.ActiveCfg = Debug|Any CPU
		{585FD279-04D3-4B88-9077-A8B6FDD565E1}.Debug|Any CPU.Build.0 = Debug|Any CPU
		{585FD279-04D3-4B88-9077-A8B6FDD565E1}.Release|Any CPU.ActiveCfg = Release|Any CPU
		{585FD279-04D3-4B88-9077-A8B6FDD565E1}.Release|Any CPU.Build.0 = Release|Any CPU
		{219D16F9-60FE-4514-A0F5-16526E4D3F11}.Debug|Any CPU.ActiveCfg = Debug|Any CPU
		{219D16F9-60FE-4514-A0F5-16526E4D3F11}.Debug|Any CPU.Build.0 = Debug|Any CPU
		{219D16F9-60FE-4514-A0F5-16526E4D3F11}.Release|Any CPU.ActiveCfg = Release|Any CPU
		{219D16F9-60FE-4514-A0F5-16526E4D3F11}.Release|Any CPU.Build.0 = Release|Any CPU
		{933F8179-DC26-4C8B-ADCA-7DFC7E672E6D}.Debug|Any CPU.ActiveCfg = Debug|Any CPU
		{933F8179-DC26-4C8B-ADCA-7DFC7E672E6D}.Debug|Any CPU.Build.0 = Debug|Any CPU
		{933F8179-DC26-4C8B-ADCA-7DFC7E672E6D}.Release|Any CPU.ActiveCfg = Release|Any CPU
		{933F8179-DC26-4C8B-ADCA-7DFC7E672E6D}.Release|Any CPU.Build.0 = Release|Any CPU
	EndGlobalSection
	GlobalSection(SolutionProperties) = preSolution
		HideSolutionNode = FALSE
	EndGlobalSection
	GlobalSection(NestedProjects) = preSolution
		{079A1155-942D-4DE1-874C-9E24535B6A56} = {7D52055E-8F43-4AB4-89A5-BE14808F8630}
		{70D01140-3183-47C2-BE51-939CD43606F7} = {E1DC4110-9B37-489B-BD5B-211C3FEDDE4E}
		{4895EE7C-3BD5-4886-AC78-E0E5A461A3B2} = {E1DC4110-9B37-489B-BD5B-211C3FEDDE4E}
		{596321EF-A76C-4432-A9CE-D10A107893C4} = {1FB8DE14-65B0-4FB3-93D3-644215EEF884}
		{9530E031-2322-4FCB-BF72-775F03D31301} = {1FB8DE14-65B0-4FB3-93D3-644215EEF884}
		{585FD279-04D3-4B88-9077-A8B6FDD565E1} = {70D01140-3183-47C2-BE51-939CD43606F7}
		{219D16F9-60FE-4514-A0F5-16526E4D3F11} = {70D01140-3183-47C2-BE51-939CD43606F7}
		{933F8179-DC26-4C8B-ADCA-7DFC7E672E6D} = {AEEBF5B2-DEBC-496A-A0FF-378DB669EAF1}
	EndGlobalSection
EndGlobal
